{
    "_readme": [
        "This file locks the dependencies of your project to a known state",
        "Read more about it at http://getcomposer.org/doc/01-basic-usage.md#composer-lock-the-lock-file"
    ],
    "hash": "b4327b157ea503ecd26787842d0487c6",
    "packages": [
        {
            "name": "nielse63/phpimagecache",
            "version": "dev-master",
            "source": {
                "type": "git",
                "url": "https://github.com/nielse63/php-image-cache.git",
                "reference": "ad8342e5de38f5bf101f01aa77d4d475e6f68727"
            },
            "dist": {
                "type": "zip",
                "url": "https://api.github.com/repos/nielse63/php-image-cache/zipball/ad8342e5de38f5bf101f01aa77d4d475e6f68727",
                "reference": "ad8342e5de38f5bf101f01aa77d4d475e6f68727",
                "shasum": ""
            },
            "require": {
                "php": ">=5.3.0"
            },
            "type": "library",
            "autoload": {
                "psr-0": {
                    "ImageCache": "src/"
                }
            },
            "notification-url": "https://packagist.org/downloads/",
            "license": [
                "Creative Commons Attribution"
            ],
            "authors": [
                {
                    "name": "Erik Nielsen",
                    "email": "erik@312development.com",
                    "homepage": "http://312development.com",
                    "role": "Developer"
                }
            ],
            "description": "Image Cache is a very simple PHP module that accepts an image source and will compress and cache the file, move it to a new directory, and return the cache source for the image.",
            "homepage": "http://nielse63.github.io/php-image-cache",
            "keywords": [
                "cache",
                "caching",
                "image cache",
                "php cache"
            ],
            "time": "2014-02-04 15:37:47"
        }
    ],
    "packages-dev": [

    ],
    "aliases": [

    ],
    "minimum-stability": "stable",
    "stability-flags": {
        "nielse63/phpimagecache": 20
    },
    "platform": [

    ],
    "platform-dev": [

    ]
}
